
Microsoft Visual Studio Solution File, Format Version 12.00
# Visual Studio 14
VisualStudioVersion = 14.0.23107.0
MinimumVisualStudioVersion = 10.0.40219.1
Project("{FAE04EC0-301F-11D3-BF4B-00C04F79EFBC}") = "System.Windows.Controls.WPFPropertyGrid", "System.Windows.Controls.WPFPropertyGrid.csproj", "{384BD3E5-BCC4-4582-9CDC-C927E5E8297B}"
EndProject
Global
	GlobalSection(SolutionConfigurationPlatforms) = preSolution
		Debug|Any CPU = Debug|Any CPU
		Release|Any CPU = Release|Any CPU
	EndGlobalSection
	GlobalSection(ProjectConfigurationPlatforms) = postSolution
		{384BD3E5-BCC4-4582-9CDC-C927E5E8297B}.Debug|Any CPU.ActiveCfg = Debug|Any CPU
		{384BD3E5-BCC4-4582-9CDC-C927E5E8297B}.Debug|Any CPU.Build.0 = Debug|Any CPU
		{384BD3E5-BCC4-4582-9CDC-C927E5E8297B}.Release|Any CPU.ActiveCfg = Release|Any CPU
		{384BD3E5-BCC4-4582-9CDC-C927E5E8297B}.Release|Any CPU.Build.0 = Release|Any CPU
	EndGlobalSection
	GlobalSection(SolutionProperties) = preSolution
		HideSolutionNode = FALSE
	EndGlobalSection
EndGlobal
